
Microsoft Visual Studio Solution File, Format Version 12.00
# Visual Studio 15
VisualStudioVersion = 15.0.27130.2036
MinimumVisualStudioVersion = 10.0.40219.1
Project("{FAE04EC0-301F-11D3-BF4B-00C04F79EFBC}") = "MegaDebug", "MegaDebug\MegaDebug.csproj", "{F66ED522-DFCE-4D2A-83E5-471CC0BE1720}"
EndProject
Global
	GlobalSection(SolutionConfigurationPlatforms) = preSolution
		Debug|Any CPU = Debug|Any CPU
		Release|Any CPU = Release|Any CPU
	EndGlobalSection
	GlobalSection(ProjectConfigurationPlatforms) = postSolution
		{F66ED522-DFCE-4D2A-83E5-471CC0BE1720}.Debug|Any CPU.ActiveCfg = Debug|Any CPU
		{F66ED522-DFCE-4D2A-83E5-471CC0BE1720}.Debug|Any CPU.Build.0 = Debug|Any CPU
		{F66ED522-DFCE-4D2A-83E5-471CC0BE1720}.Release|Any CPU.ActiveCfg = Release|Any CPU
		{F66ED522-DFCE-4D2A-83E5-471CC0BE1720}.Release|Any CPU.Build.0 = Release|Any CPU
	EndGlobalSection
	GlobalSection(SolutionProperties) = preSolution
		HideSolutionNode = FALSE
	EndGlobalSection
	GlobalSection(ExtensibilityGlobals) = postSolution
		SolutionGuid = {FE02D632-57C5-4238-8432-30BFAA71579A}
	EndGlobalSection
EndGlobal
